// !$*UTF8*$!
{
	archiveVersion = 1;
	classes = {
	};
	objectVersion = 46;
	objects = {

/* Begin PBXBuildFile section */
		0D0F5B61180878B9003557E2 /* Cocoa.framework in Frameworks */ = {isa = PBXBuildFile; fileRef = 0D0F5B60180878B9003557E2 /* Cocoa.framework */; };
		0D0F5B6B180878B9003557E2 /* InfoPlist.strings in Resources */ = {isa = PBXBuildFile; fileRef = 0D0F5B69180878B9003557E2 /* InfoPlist.strings */; };
		0D0F5B6D180878B9003557E2 /* main.m in Sources */ = {isa = PBXBuildFile; fileRef = 0D0F5B6C180878B9003557E2 /* main.m */; };
		0D0F5B71180878B9003557E2 /* Credits.rtf in Resources */ = {isa = PBXBuildFile; fileRef = 0D0F5B6F180878B9003557E2 /* Credits.rtf */; };
		0D0F5B74180878B9003557E2 /* AppDelegate.m in Sources */ = {isa = PBXBuildFile; fileRef = 0D0F5B73180878B9003557E2 /* AppDelegate.m */; };
		0D0F5B7A180878B9003557E2 /* MeshEditE.xcdatamodeld in Sources */ = {isa = PBXBuildFile; fileRef = 0D0F5B78180878B9003557E2 /* MeshEditE.xcdatamodeld */; };
		0D0F5B7C180878B9003557E2 /* Images.xcassets in Resources */ = {isa = PBXBuildFile; fileRef = 0D0F5B7B180878B9003557E2 /* Images.xcassets */; };
		0D0F5B83180878B9003557E2 /* XCTest.framework in Frameworks */ = {isa = PBXBuildFile; fileRef = 0D0F5B82180878B9003557E2 /* XCTest.framework */; };
		0D0F5B84180878B9003557E2 /* Cocoa.framework in Frameworks */ = {isa = PBXBuildFile; fileRef = 0D0F5B60180878B9003557E2 /* Cocoa.framework */; };
		0D0F5B8C180878B9003557E2 /* InfoPlist.strings in Resources */ = {isa = PBXBuildFile; fileRef = 0D0F5B8A180878B9003557E2 /* InfoPlist.strings */; };
		0D0F5B8E180878B9003557E2 /* MeshEditETests.m in Sources */ = {isa = PBXBuildFile; fileRef = 0D0F5B8D180878B9003557E2 /* MeshEditETests.m */; };
		0D3DBCB6181964E5000F640D /* Accelerate.framework in Frameworks */ = {isa = PBXBuildFile; fileRef = 0D3DBCB5181964E5000F640D /* Accelerate.framework */; };
		0D44677B180B0A7F00B27082 /* BasicOpenGLView.mm in Sources */ = {isa = PBXBuildFile; fileRef = 0D446779180B0A7F00B27082 /* BasicOpenGLView.mm */; };
		0D5467BD180B78D700DBC8B9 /* OpenGL.framework in Frameworks */ = {isa = PBXBuildFile; fileRef = 0D5467BC180B78D700DBC8B9 /* OpenGL.framework */; };
		0D5467CD180B87B400DBC8B9 /* Armadillo.iconset in Resources */ = {isa = PBXBuildFile; fileRef = 0D5467CC180B87B400DBC8B9 /* Armadillo.iconset */; };
		0D5467D0180B87D900DBC8B9 /* polarize.cpp in Sources */ = {isa = PBXBuildFile; fileRef = 0D5467CE180B87D900DBC8B9 /* polarize.cpp */; };
		0D6FA573187B9D6500B26F84 /* LogMap.cpp in Sources */ = {isa = PBXBuildFile; fileRef = 0D6FA571187B9D6500B26F84 /* LogMap.cpp */; };
		0D6FA577187C677000B26F84 /* HMeshParallelKit.cpp in Sources */ = {isa = PBXBuildFile; fileRef = 0D6FA575187C677000B26F84 /* HMeshParallelKit.cpp */; };
		0DD1DD1A18A29BC600D0069B /* heat_kernel_laplacian.cpp in Sources */ = {isa = PBXBuildFile; fileRef = 0DD1DD1818A29BC600D0069B /* heat_kernel_laplacian.cpp */; };
		590FD2DA19E327E300EE8ACC /* patch_mapping.cpp in Sources */ = {isa = PBXBuildFile; fileRef = 590FD2D819E327E300EE8ACC /* patch_mapping.cpp */; };
		591065C71A0683CF00AD02AE /* module_alignment.cpp in Sources */ = {isa = PBXBuildFile; fileRef = 591065C51A0683CF00AD02AE /* module_alignment.cpp */; };
		591065D11A0B852100AD02AE /* manifold_copy.cpp in Sources */ = {isa = PBXBuildFile; fileRef = 591065CF1A0B852100AD02AE /* manifold_copy.cpp */; };
		592E9FB81C6DF9D0001FA54C /* pam_editor_console_funcs.cpp in Sources */ = {isa = PBXBuildFile; fileRef = 592E9FB61C6DF9D0001FA54C /* pam_editor_console_funcs.cpp */; };
		593035C51AB8984D00E89A88 /* StatefulEngine.cpp in Sources */ = {isa = PBXBuildFile; fileRef = 593035C31AB8984D00E89A88 /* StatefulEngine.cpp */; };
		593C31C619D16E420001026B /* svd_alignment.cpp in Sources */ = {isa = PBXBuildFile; fileRef = 593C31C419D16E420001026B /* svd_alignment.cpp */; };
		593C563919951E1F0008EAC4 /* geometric_console_functions.cpp in Sources */ = {isa = PBXBuildFile; fileRef = 593C563719951E1F0008EAC4 /* geometric_console_functions.cpp */; };
		593C563C19951F140008EAC4 /* structural_helpers.cpp in Sources */ = {isa = PBXBuildFile; fileRef = 593C563A19951F140008EAC4 /* structural_helpers.cpp */; };
		595DC97519927F1300532C6A /* PM_basic_console_functions.cpp in Sources */ = {isa = PBXBuildFile; fileRef = 595DC97319927F1300532C6A /* PM_basic_console_functions.cpp */; };
		595DC979199281C000532C6A /* basic_shapes.cpp in Sources */ = {isa = PBXBuildFile; fileRef = 595DC977199281C000532C6A /* basic_shapes.cpp */; };
		595DC97C1994F2A200532C6A /* Algorithms.cpp in Sources */ = {isa = PBXBuildFile; fileRef = 595DC97A1994F2A200532C6A /* Algorithms.cpp */; };
		595DC9821994F5B100532C6A /* structural_operations.cpp in Sources */ = {isa = PBXBuildFile; fileRef = 595DC9801994F5B100532C6A /* structural_operations.cpp */; };
		595DC9851994FA9100532C6A /* geometric_properties.cpp in Sources */ = {isa = PBXBuildFile; fileRef = 595DC9831994FA9100532C6A /* geometric_properties.cpp */; };
		595DC9881995131700532C6A /* geometric_operations.cpp in Sources */ = {isa = PBXBuildFile; fileRef = 595DC9861995131700532C6A /* geometric_operations.cpp */; };
		595DC98E1995183400532C6A /* structural_console_functions.cpp in Sources */ = {isa = PBXBuildFile; fileRef = 595DC98C1995183400532C6A /* structural_console_functions.cpp */; };
		5979AF6319825D92003E3697 /* Test.cpp in Sources */ = {isa = PBXBuildFile; fileRef = 5979AF6119825D92003E3697 /* Test.cpp */; };
		597D8D6D198FB90600CF1C64 /* additional_console_funcs.cpp in Sources */ = {isa = PBXBuildFile; fileRef = 597D8D6B198FB90600CF1C64 /* additional_console_funcs.cpp */; };
		599A73881C66625100624A93 /* GEL.framework in Frameworks */ = {isa = PBXBuildFile; fileRef = 599A73871C66625100624A93 /* GEL.framework */; };
		59A70F1A1AEA352100E36E5C /* Module.cpp in Sources */ = {isa = PBXBuildFile; fileRef = 59A70F181AEA352100E36E5C /* Module.cpp */; };
		59A70F201AEA3C1E00E36E5C /* MainStructure.cpp in Sources */ = {isa = PBXBuildFile; fileRef = 59A70F1E1AEA3C1E00E36E5C /* MainStructure.cpp */; };
		59A9AFD719E7E611006C9C3E /* graph_match.cpp in Sources */ = {isa = PBXBuildFile; fileRef = 59A9AFD519E7E611006C9C3E /* graph_match.cpp */; };
		59ACAAFF1B04CE0D008D2E17 /* Toolbox.cpp in Sources */ = {isa = PBXBuildFile; fileRef = 59ACAAFD1B04CE0D008D2E17 /* Toolbox.cpp */; };
		59B75D8A197D274600DD6462 /* MainMenu.xib in Resources */ = {isa = PBXBuildFile; fileRef = 0D5467C9180B805100DBC8B9 /* MainMenu.xib */; };
		59B9B2171B2B9DCD003BE4EB /* collision_detection.cpp in Sources */ = {isa = PBXBuildFile; fileRef = 59B9B2161B2B9DCD003BE4EB /* collision_detection.cpp */; };
		59C171D91AD57FC800DB6A0A /* engine_console_funcs.cpp in Sources */ = {isa = PBXBuildFile; fileRef = 59C171D71AD57FC800DB6A0A /* engine_console_funcs.cpp */; };
		59C881901AB0C7AC0061E75C /* test_random_rotation.cpp in Sources */ = {isa = PBXBuildFile; fileRef = 59C8818E1AB0C7AC0061E75C /* test_random_rotation.cpp */; };
		59EE76EA1C6B50FB00793589 /* pam_editor.cpp in Sources */ = {isa = PBXBuildFile; fileRef = 59EE76E81C6B50FB00793589 /* pam_editor.cpp */; };
		59EE76ED1C6B583000793589 /* libboost_system-mt-s.a in Frameworks */ = {isa = PBXBuildFile; fileRef = 59EE76EB1C6B583000793589 /* libboost_system-mt-s.a */; };
		59EE76EE1C6B583000793589 /* libboost_thread-mt-s.a in Frameworks */ = {isa = PBXBuildFile; fileRef = 59EE76EC1C6B583000793589 /* libboost_thread-mt-s.a */; };
		59EE76F11C6B5A0D00793589 /* libCGAL.a in Frameworks */ = {isa = PBXBuildFile; fileRef = 59EE76EF1C6B584A00793589 /* libCGAL.a */; };
		59EE76F31C6B5A2E00793589 /* libCGAL_Core.a in Frameworks */ = {isa = PBXBuildFile; fileRef = 59EE76F21C6B5A2E00793589 /* libCGAL_Core.a */; };
/* End PBXBuildFile section */

/* Begin PBXContainerItemProxy section */
		0D0F5B85180878B9003557E2 /* PBXContainerItemProxy */ = {
			isa = PBXContainerItemProxy;
			containerPortal = 0D0F5B55180878B9003557E2 /* Project object */;
			proxyType = 1;
			remoteGlobalIDString = 0D0F5B5C180878B9003557E2;
			remoteInfo = MeshEditE;
		};
/* End PBXContainerItemProxy section */

/* Begin PBXFileReference section */
		0D0F5B5D180878B9003557E2 /* MeshEditE.app */ = {isa = PBXFileReference; explicitFileType = wrapper.application; includeInIndex = 0; path = MeshEditE.app; sourceTree = BUILT_PRODUCTS_DIR; };
		0D0F5B60180878B9003557E2 /* Cocoa.framework */ = {isa = PBXFileReference; lastKnownFileType = wrapper.framework; name = Cocoa.framework; path = System/Library/Frameworks/Cocoa.framework; sourceTree = SDKROOT; };
		0D0F5B63180878B9003557E2 /* AppKit.framework */ = {isa = PBXFileReference; lastKnownFileType = wrapper.framework; name = AppKit.framework; path = System/Library/Frameworks/AppKit.framework; sourceTree = SDKROOT; };
		0D0F5B64180878B9003557E2 /* CoreData.framework */ = {isa = PBXFileReference; lastKnownFileType = wrapper.framework; name = CoreData.framework; path = System/Library/Frameworks/CoreData.framework; sourceTree = SDKROOT; };
		0D0F5B65180878B9003557E2 /* Foundation.framework */ = {isa = PBXFileReference; lastKnownFileType = wrapper.framework; name = Foundation.framework; path = System/Library/Frameworks/Foundation.framework; sourceTree = SDKROOT; };
		0D0F5B68180878B9003557E2 /* MeshEditE-Info.plist */ = {isa = PBXFileReference; lastKnownFileType = text.plist.xml; path = "MeshEditE-Info.plist"; sourceTree = "<group>"; };
		0D0F5B6A180878B9003557E2 /* en */ = {isa = PBXFileReference; lastKnownFileType = text.plist.strings; name = en; path = en.lproj/InfoPlist.strings; sourceTree = "<group>"; };
		0D0F5B6C180878B9003557E2 /* main.m */ = {isa = PBXFileReference; lastKnownFileType = sourcecode.c.objc; path = main.m; sourceTree = "<group>"; };
		0D0F5B6E180878B9003557E2 /* MeshEditE-Prefix.pch */ = {isa = PBXFileReference; lastKnownFileType = sourcecode.c.h; path = "MeshEditE-Prefix.pch"; sourceTree = "<group>"; };
		0D0F5B70180878B9003557E2 /* en */ = {isa = PBXFileReference; lastKnownFileType = text.rtf; name = en; path = en.lproj/Credits.rtf; sourceTree = "<group>"; };
		0D0F5B72180878B9003557E2 /* AppDelegate.h */ = {isa = PBXFileReference; lastKnownFileType = sourcecode.c.h; path = AppDelegate.h; sourceTree = "<group>"; };
		0D0F5B73180878B9003557E2 /* AppDelegate.m */ = {isa = PBXFileReference; lastKnownFileType = sourcecode.c.objc; path = AppDelegate.m; sourceTree = "<group>"; };
		0D0F5B79180878B9003557E2 /* MeshEditE.xcdatamodel */ = {isa = PBXFileReference; lastKnownFileType = wrapper.xcdatamodel; path = MeshEditE.xcdatamodel; sourceTree = "<group>"; };
		0D0F5B7B180878B9003557E2 /* Images.xcassets */ = {isa = PBXFileReference; lastKnownFileType = folder.assetcatalog; path = Images.xcassets; sourceTree = "<group>"; };
		0D0F5B81180878B9003557E2 /* MeshEditETests.xctest */ = {isa = PBXFileReference; explicitFileType = wrapper.cfbundle; includeInIndex = 0; path = MeshEditETests.xctest; sourceTree = BUILT_PRODUCTS_DIR; };
		0D0F5B82180878B9003557E2 /* XCTest.framework */ = {isa = PBXFileReference; lastKnownFileType = wrapper.framework; name = XCTest.framework; path = Library/Frameworks/XCTest.framework; sourceTree = DEVELOPER_DIR; };
		0D0F5B89180878B9003557E2 /* MeshEditETests-Info.plist */ = {isa = PBXFileReference; lastKnownFileType = text.plist.xml; path = "MeshEditETests-Info.plist"; sourceTree = "<group>"; };
		0D0F5B8B180878B9003557E2 /* en */ = {isa = PBXFileReference; lastKnownFileType = text.plist.strings; name = en; path = en.lproj/InfoPlist.strings; sourceTree = "<group>"; };
		0D0F5B8D180878B9003557E2 /* MeshEditETests.m */ = {isa = PBXFileReference; lastKnownFileType = sourcecode.c.objc; path = MeshEditETests.m; sourceTree = "<group>"; };
		0D3DBCB5181964E5000F640D /* Accelerate.framework */ = {isa = PBXFileReference; lastKnownFileType = wrapper.framework; name = Accelerate.framework; path = System/Library/Frameworks/Accelerate.framework; sourceTree = SDKROOT; };
		0D446779180B0A7F00B27082 /* BasicOpenGLView.mm */ = {isa = PBXFileReference; fileEncoding = 4; lastKnownFileType = sourcecode.cpp.objcpp; path = BasicOpenGLView.mm; sourceTree = "<group>"; };
		0D44677A180B0A7F00B27082 /* BasicOpenGLView.h */ = {isa = PBXFileReference; fileEncoding = 4; lastKnownFileType = sourcecode.c.h; path = BasicOpenGLView.h; sourceTree = "<group>"; };
		0D5467BC180B78D700DBC8B9 /* OpenGL.framework */ = {isa = PBXFileReference; lastKnownFileType = wrapper.framework; name = OpenGL.framework; path = System/Library/Frameworks/OpenGL.framework; sourceTree = SDKROOT; };
		0D5467CA180B805100DBC8B9 /* Base */ = {isa = PBXFileReference; lastKnownFileType = file.xib; name = Base; path = Base.lproj/MainMenu.xib; sourceTree = "<group>"; };
		0D5467CC180B87B400DBC8B9 /* Armadillo.iconset */ = {isa = PBXFileReference; lastKnownFileType = folder.iconset; path = Armadillo.iconset; sourceTree = SOURCE_ROOT; };
		0D5467CE180B87D900DBC8B9 /* polarize.cpp */ = {isa = PBXFileReference; fileEncoding = 4; lastKnownFileType = sourcecode.cpp.cpp; path = polarize.cpp; sourceTree = SOURCE_ROOT; };
		0D5467CF180B87D900DBC8B9 /* polarize.h */ = {isa = PBXFileReference; fileEncoding = 4; lastKnownFileType = sourcecode.c.h; path = polarize.h; sourceTree = SOURCE_ROOT; };
		0D6FA571187B9D6500B26F84 /* LogMap.cpp */ = {isa = PBXFileReference; fileEncoding = 4; lastKnownFileType = sourcecode.cpp.cpp; path = LogMap.cpp; sourceTree = "<group>"; };
		0D6FA572187B9D6500B26F84 /* LogMap.h */ = {isa = PBXFileReference; fileEncoding = 4; lastKnownFileType = sourcecode.c.h; path = LogMap.h; sourceTree = "<group>"; };
		0D6FA575187C677000B26F84 /* HMeshParallelKit.cpp */ = {isa = PBXFileReference; fileEncoding = 4; lastKnownFileType = sourcecode.cpp.cpp; path = HMeshParallelKit.cpp; sourceTree = "<group>"; };
		0D6FA576187C677000B26F84 /* HMeshParallelKit.h */ = {isa = PBXFileReference; fileEncoding = 4; lastKnownFileType = sourcecode.c.h; path = HMeshParallelKit.h; sourceTree = "<group>"; };
		0DD1DD1818A29BC600D0069B /* heat_kernel_laplacian.cpp */ = {isa = PBXFileReference; fileEncoding = 4; lastKnownFileType = sourcecode.cpp.cpp; path = heat_kernel_laplacian.cpp; sourceTree = "<group>"; };
		0DD1DD1918A29BC600D0069B /* heat_kernel_laplacian.h */ = {isa = PBXFileReference; fileEncoding = 4; lastKnownFileType = sourcecode.c.h; path = heat_kernel_laplacian.h; sourceTree = "<group>"; };
		590241F51B7CDD750014647F /* misc.h */ = {isa = PBXFileReference; lastKnownFileType = sourcecode.c.h; path = misc.h; sourceTree = "<group>"; };
		590FD2D819E327E300EE8ACC /* patch_mapping.cpp */ = {isa = PBXFileReference; fileEncoding = 4; lastKnownFileType = sourcecode.cpp.cpp; path = patch_mapping.cpp; sourceTree = "<group>"; };
		590FD2D919E327E300EE8ACC /* patch_mapping.h */ = {isa = PBXFileReference; fileEncoding = 4; lastKnownFileType = sourcecode.c.h; path = patch_mapping.h; sourceTree = "<group>"; };
		591065C51A0683CF00AD02AE /* module_alignment.cpp */ = {isa = PBXFileReference; fileEncoding = 4; lastKnownFileType = sourcecode.cpp.cpp; name = module_alignment.cpp; path = MeshEditE/Procedural/Helpers/module_alignment.cpp; sourceTree = SOURCE_ROOT; };
		591065C61A0683CF00AD02AE /* module_alignment.h */ = {isa = PBXFileReference; fileEncoding = 4; lastKnownFileType = sourcecode.c.h; name = module_alignment.h; path = MeshEditE/Procedural/Helpers/module_alignment.h; sourceTree = SOURCE_ROOT; };
		591065CF1A0B852100AD02AE /* manifold_copy.cpp */ = {isa = PBXFileReference; fileEncoding = 4; lastKnownFileType = sourcecode.cpp.cpp; path = manifold_copy.cpp; sourceTree = "<group>"; };
		591065D01A0B852100AD02AE /* manifold_copy.h */ = {isa = PBXFileReference; fileEncoding = 4; lastKnownFileType = sourcecode.c.h; path = manifold_copy.h; sourceTree = "<group>"; };
		592E9FB61C6DF9D0001FA54C /* pam_editor_console_funcs.cpp */ = {isa = PBXFileReference; fileEncoding = 4; lastKnownFileType = sourcecode.cpp.cpp; path = pam_editor_console_funcs.cpp; sourceTree = "<group>"; };
		592E9FB71C6DF9D0001FA54C /* pam_editor_console_funcs.hpp */ = {isa = PBXFileReference; fileEncoding = 4; lastKnownFileType = sourcecode.cpp.h; path = pam_editor_console_funcs.hpp; sourceTree = "<group>"; };
		593035C31AB8984D00E89A88 /* StatefulEngine.cpp */ = {isa = PBXFileReference; fileEncoding = 4; lastKnownFileType = sourcecode.cpp.cpp; path = StatefulEngine.cpp; sourceTree = "<group>"; };
		593035C41AB8984D00E89A88 /* StatefulEngine.h */ = {isa = PBXFileReference; fileEncoding = 4; lastKnownFileType = sourcecode.c.h; path = StatefulEngine.h; sourceTree = "<group>"; };
		593C31C419D16E420001026B /* svd_alignment.cpp */ = {isa = PBXFileReference; fileEncoding = 4; lastKnownFileType = sourcecode.cpp.cpp; path = svd_alignment.cpp; sourceTree = "<group>"; };
		593C31C519D16E420001026B /* svd_alignment.h */ = {isa = PBXFileReference; fileEncoding = 4; lastKnownFileType = sourcecode.c.h; path = svd_alignment.h; sourceTree = "<group>"; };
		593C563719951E1F0008EAC4 /* geometric_console_functions.cpp */ = {isa = PBXFileReference; fileEncoding = 4; lastKnownFileType = sourcecode.cpp.cpp; path = geometric_console_functions.cpp; sourceTree = "<group>"; };
		593C563819951E1F0008EAC4 /* geometric_console_functions.h */ = {isa = PBXFileReference; fileEncoding = 4; lastKnownFileType = sourcecode.c.h; path = geometric_console_functions.h; sourceTree = "<group>"; };
		593C563A19951F140008EAC4 /* structural_helpers.cpp */ = {isa = PBXFileReference; fileEncoding = 4; lastKnownFileType = sourcecode.cpp.cpp; path = structural_helpers.cpp; sourceTree = "<group>"; };
		593C563B19951F140008EAC4 /* structural_helpers.h */ = {isa = PBXFileReference; fileEncoding = 4; lastKnownFileType = sourcecode.c.h; path = structural_helpers.h; sourceTree = "<group>"; };
		595DC97319927F1300532C6A /* PM_basic_console_functions.cpp */ = {isa = PBXFileReference; fileEncoding = 4; lastKnownFileType = sourcecode.cpp.cpp; path = PM_basic_console_functions.cpp; sourceTree = "<group>"; };
		595DC97419927F1300532C6A /* PM_basic_console_functions.h */ = {isa = PBXFileReference; fileEncoding = 4; lastKnownFileType = sourcecode.c.h; path = PM_basic_console_functions.h; sourceTree = "<group>"; };
		595DC977199281C000532C6A /* basic_shapes.cpp */ = {isa = PBXFileReference; fileEncoding = 4; lastKnownFileType = sourcecode.cpp.cpp; path = basic_shapes.cpp; sourceTree = "<group>"; };
		595DC978199281C000532C6A /* basic_shapes.h */ = {isa = PBXFileReference; fileEncoding = 4; lastKnownFileType = sourcecode.c.h; path = basic_shapes.h; sourceTree = "<group>"; };
		595DC97A1994F2A200532C6A /* Algorithms.cpp */ = {isa = PBXFileReference; fileEncoding = 4; lastKnownFileType = sourcecode.cpp.cpp; path = Algorithms.cpp; sourceTree = "<group>"; };
		595DC97B1994F2A200532C6A /* Algorithms.h */ = {isa = PBXFileReference; fileEncoding = 4; lastKnownFileType = sourcecode.c.h; path = Algorithms.h; sourceTree = "<group>"; };
		595DC9801994F5B100532C6A /* structural_operations.cpp */ = {isa = PBXFileReference; fileEncoding = 4; lastKnownFileType = sourcecode.cpp.cpp; path = structural_operations.cpp; sourceTree = "<group>"; };
		595DC9811994F5B100532C6A /* structural_operations.h */ = {isa = PBXFileReference; fileEncoding = 4; lastKnownFileType = sourcecode.c.h; path = structural_operations.h; sourceTree = "<group>"; };
		595DC9831994FA9100532C6A /* geometric_properties.cpp */ = {isa = PBXFileReference; fileEncoding = 4; lastKnownFileType = sourcecode.cpp.cpp; path = geometric_properties.cpp; sourceTree = "<group>"; };
		595DC9841994FA9100532C6A /* geometric_properties.h */ = {isa = PBXFileReference; fileEncoding = 4; lastKnownFileType = sourcecode.c.h; path = geometric_properties.h; sourceTree = "<group>"; };
		595DC9861995131700532C6A /* geometric_operations.cpp */ = {isa = PBXFileReference; fileEncoding = 4; lastKnownFileType = sourcecode.cpp.cpp; path = geometric_operations.cpp; sourceTree = "<group>"; };
		595DC9871995131700532C6A /* geometric_operations.h */ = {isa = PBXFileReference; fileEncoding = 4; lastKnownFileType = sourcecode.c.h; path = geometric_operations.h; sourceTree = "<group>"; };
		595DC98C1995183400532C6A /* structural_console_functions.cpp */ = {isa = PBXFileReference; fileEncoding = 4; lastKnownFileType = sourcecode.cpp.cpp; path = structural_console_functions.cpp; sourceTree = "<group>"; };
		595DC98D1995183400532C6A /* structural_console_functions.h */ = {isa = PBXFileReference; fileEncoding = 4; lastKnownFileType = sourcecode.c.h; path = structural_console_functions.h; sourceTree = "<group>"; };
		5979AF6119825D92003E3697 /* Test.cpp */ = {isa = PBXFileReference; fileEncoding = 4; lastKnownFileType = sourcecode.cpp.cpp; path = Test.cpp; sourceTree = "<group>"; };
		5979AF6219825D92003E3697 /* Test.h */ = {isa = PBXFileReference; fileEncoding = 4; lastKnownFileType = sourcecode.c.h; path = Test.h; sourceTree = "<group>"; };
		597D8D62198F84A300CF1C64 /* Plane.h */ = {isa = PBXFileReference; fileEncoding = 4; lastKnownFileType = sourcecode.c.h; path = Plane.h; sourceTree = "<group>"; };
		597D8D6B198FB90600CF1C64 /* additional_console_funcs.cpp */ = {isa = PBXFileReference; fileEncoding = 4; lastKnownFileType = sourcecode.cpp.cpp; path = additional_console_funcs.cpp; sourceTree = "<group>"; };
		597D8D6C198FB90600CF1C64 /* additional_console_funcs.h */ = {isa = PBXFileReference; fileEncoding = 4; lastKnownFileType = sourcecode.c.h; path = additional_console_funcs.h; sourceTree = "<group>"; };
		5982617F1B1C657100596B56 /* pam_skeleton.h */ = {isa = PBXFileReference; lastKnownFileType = sourcecode.c.h; path = pam_skeleton.h; sourceTree = "<group>"; };
		598261821B2B515400596B56 /* collision_detection.h */ = {isa = PBXFileReference; lastKnownFileType = sourcecode.c.h; path = collision_detection.h; sourceTree = "<group>"; };
		599A73871C66625100624A93 /* GEL.framework */ = {isa = PBXFileReference; lastKnownFileType = wrapper.framework; name = GEL.framework; path = ../../../../../../Library/Frameworks/GEL.framework; sourceTree = "<group>"; };
		59A70F181AEA352100E36E5C /* Module.cpp */ = {isa = PBXFileReference; fileEncoding = 4; lastKnownFileType = sourcecode.cpp.cpp; path = Module.cpp; sourceTree = "<group>"; };
		59A70F191AEA352100E36E5C /* Module.h */ = {isa = PBXFileReference; fileEncoding = 4; lastKnownFileType = sourcecode.c.h; path = Module.h; sourceTree = "<group>"; };
		59A70F1E1AEA3C1E00E36E5C /* MainStructure.cpp */ = {isa = PBXFileReference; fileEncoding = 4; lastKnownFileType = sourcecode.cpp.cpp; path = MainStructure.cpp; sourceTree = "<group>"; };
		59A70F1F1AEA3C1E00E36E5C /* MainStructure.h */ = {isa = PBXFileReference; fileEncoding = 4; lastKnownFileType = sourcecode.c.h; path = MainStructure.h; sourceTree = "<group>"; };
		59A9AFD519E7E611006C9C3E /* graph_match.cpp */ = {isa = PBXFileReference; fileEncoding = 4; lastKnownFileType = sourcecode.cpp.cpp; path = graph_match.cpp; sourceTree = "<group>"; };
		59A9AFD619E7E611006C9C3E /* graph_match.h */ = {isa = PBXFileReference; fileEncoding = 4; lastKnownFileType = sourcecode.c.h; path = graph_match.h; sourceTree = "<group>"; };
		59ACAAFD1B04CE0D008D2E17 /* Toolbox.cpp */ = {isa = PBXFileReference; fileEncoding = 4; lastKnownFileType = sourcecode.cpp.cpp; path = Toolbox.cpp; sourceTree = "<group>"; };
		59ACAAFE1B04CE0D008D2E17 /* Toolbox.h */ = {isa = PBXFileReference; fileEncoding = 4; lastKnownFileType = sourcecode.c.h; path = Toolbox.h; sourceTree = "<group>"; };
		59B75D88197D25B100DD6462 /* GEL.framework */ = {isa = PBXFileReference; lastKnownFileType = wrapper.framework; name = GEL.framework; path = ../../../../Library/Frameworks/GEL.framework; sourceTree = "<group>"; };
		59B9B2161B2B9DCD003BE4EB /* collision_detection.cpp */ = {isa = PBXFileReference; fileEncoding = 4; lastKnownFileType = sourcecode.cpp.cpp; path = collision_detection.cpp; sourceTree = "<group>"; };
		59C171D71AD57FC800DB6A0A /* engine_console_funcs.cpp */ = {isa = PBXFileReference; fileEncoding = 4; lastKnownFileType = sourcecode.cpp.cpp; path = engine_console_funcs.cpp; sourceTree = "<group>"; };
		59C171D81AD57FC800DB6A0A /* engine_console_funcs.h */ = {isa = PBXFileReference; fileEncoding = 4; lastKnownFileType = sourcecode.c.h; path = engine_console_funcs.h; sourceTree = "<group>"; };
		59C8818E1AB0C7AC0061E75C /* test_random_rotation.cpp */ = {isa = PBXFileReference; fileEncoding = 4; lastKnownFileType = sourcecode.cpp.cpp; path = test_random_rotation.cpp; sourceTree = "<group>"; };
		59C8818F1AB0C7AC0061E75C /* test_random_rotation.h */ = {isa = PBXFileReference; fileEncoding = 4; lastKnownFileType = sourcecode.c.h; path = test_random_rotation.h; sourceTree = "<group>"; };
		59CD874E1B4D8A7300FF459F /* eigenv.h */ = {isa = PBXFileReference; lastKnownFileType = sourcecode.c.h; path = eigenv.h; sourceTree = "<group>"; };
		59EE76E81C6B50FB00793589 /* pam_editor.cpp */ = {isa = PBXFileReference; fileEncoding = 4; lastKnownFileType = sourcecode.cpp.cpp; path = pam_editor.cpp; sourceTree = "<group>"; };
		59EE76E91C6B50FB00793589 /* pam_editor.hpp */ = {isa = PBXFileReference; fileEncoding = 4; lastKnownFileType = sourcecode.cpp.h; path = pam_editor.hpp; sourceTree = "<group>"; };
		59EE76EB1C6B583000793589 /* libboost_system-mt-s.a */ = {isa = PBXFileReference; lastKnownFileType = archive.ar; name = "libboost_system-mt-s.a"; path = "../../Libs/boost_1_59_0/BUILD109/lib/libboost_system-mt-s.a"; sourceTree = "<group>"; };
		59EE76EC1C6B583000793589 /* libboost_thread-mt-s.a */ = {isa = PBXFileReference; lastKnownFileType = archive.ar; name = "libboost_thread-mt-s.a"; path = "../../Libs/boost_1_59_0/BUILD109/lib/libboost_thread-mt-s.a"; sourceTree = "<group>"; };
		59EE76EF1C6B584A00793589 /* libCGAL.a */ = {isa = PBXFileReference; lastKnownFileType = archive.ar; name = libCGAL.a; path = "../../Libs/cgal-releases-CGAL-4.7/BUILD109/lib/libCGAL.a"; sourceTree = "<group>"; };
		59EE76F21C6B5A2E00793589 /* libCGAL_Core.a */ = {isa = PBXFileReference; lastKnownFileType = archive.ar; name = libCGAL_Core.a; path = "../../Libs/cgal-releases-CGAL-4.7/BUILD109/lib/libCGAL_Core.a"; sourceTree = "<group>"; };
		59EED0DE1BB93B60001341FA /* ModuleInfo.h */ = {isa = PBXFileReference; lastKnownFileType = sourcecode.c.h; path = ModuleInfo.h; sourceTree = "<group>"; };
/* End PBXFileReference section */

/* Begin PBXFrameworksBuildPhase section */
		0D0F5B5A180878B9003557E2 /* Frameworks */ = {
			isa = PBXFrameworksBuildPhase;
			buildActionMask = 2147483647;
			files = (
				59EE76ED1C6B583000793589 /* libboost_system-mt-s.a in Frameworks */,
				59EE76EE1C6B583000793589 /* libboost_thread-mt-s.a in Frameworks */,
				59EE76F31C6B5A2E00793589 /* libCGAL_Core.a in Frameworks */,
				59EE76F11C6B5A0D00793589 /* libCGAL.a in Frameworks */,
				0D3DBCB6181964E5000F640D /* Accelerate.framework in Frameworks */,
				0D5467BD180B78D700DBC8B9 /* OpenGL.framework in Frameworks */,
				599A73881C66625100624A93 /* GEL.framework in Frameworks */,
				0D0F5B61180878B9003557E2 /* Cocoa.framework in Frameworks */,
			);
			runOnlyForDeploymentPostprocessing = 0;
		};
		0D0F5B7E180878B9003557E2 /* Frameworks */ = {
			isa = PBXFrameworksBuildPhase;
			buildActionMask = 2147483647;
			files = (
				0D0F5B84180878B9003557E2 /* Cocoa.framework in Frameworks */,
				0D0F5B83180878B9003557E2 /* XCTest.framework in Frameworks */,
			);
			runOnlyForDeploymentPostprocessing = 0;
		};
/* End PBXFrameworksBuildPhase section */

/* Begin PBXGroup section */
		0D0F5B54180878B9003557E2 = {
			isa = PBXGroup;
			children = (
				0D0F5B66180878B9003557E2 /* MeshEditE */,
				0D0F5B87180878B9003557E2 /* MeshEditETests */,
				0D0F5B5F180878B9003557E2 /* Frameworks */,
				0D0F5B5E180878B9003557E2 /* Products */,
			);
			sourceTree = "<group>";
		};
		0D0F5B5E180878B9003557E2 /* Products */ = {
			isa = PBXGroup;
			children = (
				0D0F5B5D180878B9003557E2 /* MeshEditE.app */,
				0D0F5B81180878B9003557E2 /* MeshEditETests.xctest */,
			);
			name = Products;
			sourceTree = "<group>";
		};
		0D0F5B5F180878B9003557E2 /* Frameworks */ = {
			isa = PBXGroup;
			children = (
				59EE76F21C6B5A2E00793589 /* libCGAL_Core.a */,
				59EE76EF1C6B584A00793589 /* libCGAL.a */,
				59EE76EB1C6B583000793589 /* libboost_system-mt-s.a */,
				59EE76EC1C6B583000793589 /* libboost_thread-mt-s.a */,
				599A73871C66625100624A93 /* GEL.framework */,
				59B75D88197D25B100DD6462 /* GEL.framework */,
				0D3DBCB5181964E5000F640D /* Accelerate.framework */,
				0D5467BC180B78D700DBC8B9 /* OpenGL.framework */,
				0D0F5B60180878B9003557E2 /* Cocoa.framework */,
				0D0F5B82180878B9003557E2 /* XCTest.framework */,
				0D0F5B62180878B9003557E2 /* Other Frameworks */,
			);
			name = Frameworks;
			sourceTree = "<group>";
		};
		0D0F5B62180878B9003557E2 /* Other Frameworks */ = {
			isa = PBXGroup;
			children = (
				0D0F5B63180878B9003557E2 /* AppKit.framework */,
				0D0F5B64180878B9003557E2 /* CoreData.framework */,
				0D0F5B65180878B9003557E2 /* Foundation.framework */,
			);
			name = "Other Frameworks";
			sourceTree = "<group>";
		};
		0D0F5B66180878B9003557E2 /* MeshEditE */ = {
			isa = PBXGroup;
			children = (
				59C8818D1AB0C7AC0061E75C /* Tests */,
				597D8D6B198FB90600CF1C64 /* additional_console_funcs.cpp */,
				597D8D6C198FB90600CF1C64 /* additional_console_funcs.h */,
				597D8D5F198F808500CF1C64 /* Procedural */,
				0D6FA575187C677000B26F84 /* HMeshParallelKit.cpp */,
				0D6FA576187C677000B26F84 /* HMeshParallelKit.h */,
				0D5467CE180B87D900DBC8B9 /* polarize.cpp */,
				0D5467CF180B87D900DBC8B9 /* polarize.h */,
				0D5467CC180B87B400DBC8B9 /* Armadillo.iconset */,
				0D446779180B0A7F00B27082 /* BasicOpenGLView.mm */,
				0D0F5B72180878B9003557E2 /* AppDelegate.h */,
				0D0F5B73180878B9003557E2 /* AppDelegate.m */,
				0D0F5B7B180878B9003557E2 /* Images.xcassets */,
				0D0F5B78180878B9003557E2 /* MeshEditE.xcdatamodeld */,
				0D5467C9180B805100DBC8B9 /* MainMenu.xib */,
				0D0F5B67180878B9003557E2 /* Supporting Files */,
				0D6FA571187B9D6500B26F84 /* LogMap.cpp */,
				0D6FA572187B9D6500B26F84 /* LogMap.h */,
				0DD1DD1818A29BC600D0069B /* heat_kernel_laplacian.cpp */,
				0DD1DD1918A29BC600D0069B /* heat_kernel_laplacian.h */,
				5979AF6119825D92003E3697 /* Test.cpp */,
				5979AF6219825D92003E3697 /* Test.h */,
				590FD2D819E327E300EE8ACC /* patch_mapping.cpp */,
				590FD2D919E327E300EE8ACC /* patch_mapping.h */,
			);
			path = MeshEditE;
			sourceTree = "<group>";
		};
		0D0F5B67180878B9003557E2 /* Supporting Files */ = {
			isa = PBXGroup;
			children = (
				0D0F5B68180878B9003557E2 /* MeshEditE-Info.plist */,
				0D0F5B69180878B9003557E2 /* InfoPlist.strings */,
				0D44677A180B0A7F00B27082 /* BasicOpenGLView.h */,
				0D0F5B6C180878B9003557E2 /* main.m */,
				0D0F5B6E180878B9003557E2 /* MeshEditE-Prefix.pch */,
				0D0F5B6F180878B9003557E2 /* Credits.rtf */,
			);
			name = "Supporting Files";
			sourceTree = "<group>";
		};
		0D0F5B87180878B9003557E2 /* MeshEditETests */ = {
			isa = PBXGroup;
			children = (
				0D0F5B8D180878B9003557E2 /* MeshEditETests.m */,
				0D0F5B88180878B9003557E2 /* Supporting Files */,
			);
			path = MeshEditETests;
			sourceTree = "<group>";
		};
		0D0F5B88180878B9003557E2 /* Supporting Files */ = {
			isa = PBXGroup;
			children = (
				0D0F5B89180878B9003557E2 /* MeshEditETests-Info.plist */,
				0D0F5B8A180878B9003557E2 /* InfoPlist.strings */,
			);
			name = "Supporting Files";
			sourceTree = "<group>";
		};
		595DC9761992818D00532C6A /* Operations */ = {
			isa = PBXGroup;
			children = (
				595DC977199281C000532C6A /* basic_shapes.cpp */,
				595DC978199281C000532C6A /* basic_shapes.h */,
				595DC97A1994F2A200532C6A /* Algorithms.cpp */,
				595DC97B1994F2A200532C6A /* Algorithms.h */,
				595DC9801994F5B100532C6A /* structural_operations.cpp */,
				595DC9811994F5B100532C6A /* structural_operations.h */,
				595DC9861995131700532C6A /* geometric_operations.cpp */,
				595DC9871995131700532C6A /* geometric_operations.h */,
			);
			name = Operations;
			path = MeshEditE/Procedural/Operations;
			sourceTree = SOURCE_ROOT;
		};
		597D8D5F198F808500CF1C64 /* Procedural */ = {
			isa = PBXGroup;
			children = (
				59CE2ECD19B8AB3B005BD4E0 /* Matches */,
				595DC9761992818D00532C6A /* Operations */,
				597D8D64198FB78600CF1C64 /* ConsoleFuncs */,
				597D8D60198F80B700CF1C64 /* Helpers */,
				593035C31AB8984D00E89A88 /* StatefulEngine.cpp */,
				593035C41AB8984D00E89A88 /* StatefulEngine.h */,
				59A70F181AEA352100E36E5C /* Module.cpp */,
				59A70F191AEA352100E36E5C /* Module.h */,
				59A70F1E1AEA3C1E00E36E5C /* MainStructure.cpp */,
				59A70F1F1AEA3C1E00E36E5C /* MainStructure.h */,
				59ACAAFD1B04CE0D008D2E17 /* Toolbox.cpp */,
				59ACAAFE1B04CE0D008D2E17 /* Toolbox.h */,
				5982617F1B1C657100596B56 /* pam_skeleton.h */,
				598261821B2B515400596B56 /* collision_detection.h */,
				59B9B2161B2B9DCD003BE4EB /* collision_detection.cpp */,
				59EED0DE1BB93B60001341FA /* ModuleInfo.h */,
				59EE76E81C6B50FB00793589 /* pam_editor.cpp */,
				59EE76E91C6B50FB00793589 /* pam_editor.hpp */,
			);
			name = Procedural;
			path = MeshEditE/Procedural;
			sourceTree = SOURCE_ROOT;
		};
		597D8D60198F80B700CF1C64 /* Helpers */ = {
			isa = PBXGroup;
			children = (
				597D8D62198F84A300CF1C64 /* Plane.h */,
				591065C51A0683CF00AD02AE /* module_alignment.cpp */,
				591065C61A0683CF00AD02AE /* module_alignment.h */,
				595DC9831994FA9100532C6A /* geometric_properties.cpp */,
				595DC9841994FA9100532C6A /* geometric_properties.h */,
				593C563A19951F140008EAC4 /* structural_helpers.cpp */,
				593C563B19951F140008EAC4 /* structural_helpers.h */,
				593C31C419D16E420001026B /* svd_alignment.cpp */,
				593C31C519D16E420001026B /* svd_alignment.h */,
				591065CF1A0B852100AD02AE /* manifold_copy.cpp */,
				591065D01A0B852100AD02AE /* manifold_copy.h */,
				59CD874E1B4D8A7300FF459F /* eigenv.h */,
				590241F51B7CDD750014647F /* misc.h */,
			);
			path = Helpers;
			sourceTree = "<group>";
		};
		597D8D64198FB78600CF1C64 /* ConsoleFuncs */ = {
			isa = PBXGroup;
			children = (
				595DC97319927F1300532C6A /* PM_basic_console_functions.cpp */,
				595DC97419927F1300532C6A /* PM_basic_console_functions.h */,
				595DC98C1995183400532C6A /* structural_console_functions.cpp */,
				595DC98D1995183400532C6A /* structural_console_functions.h */,
				593C563719951E1F0008EAC4 /* geometric_console_functions.cpp */,
				593C563819951E1F0008EAC4 /* geometric_console_functions.h */,
				59C171D71AD57FC800DB6A0A /* engine_console_funcs.cpp */,
				59C171D81AD57FC800DB6A0A /* engine_console_funcs.h */,
				592E9FB61C6DF9D0001FA54C /* pam_editor_console_funcs.cpp */,
				592E9FB71C6DF9D0001FA54C /* pam_editor_console_funcs.hpp */,
			);
			name = ConsoleFuncs;
			path = MeshEditE/Procedural/ConsoleFuncs;
			sourceTree = SOURCE_ROOT;
		};
		59C8818D1AB0C7AC0061E75C /* Tests */ = {
			isa = PBXGroup;
			children = (
				59C8818E1AB0C7AC0061E75C /* test_random_rotation.cpp */,
				59C8818F1AB0C7AC0061E75C /* test_random_rotation.h */,
			);
			path = Tests;
			sourceTree = "<group>";
		};
		59CE2ECD19B8AB3B005BD4E0 /* Matches */ = {
			isa = PBXGroup;
			children = (
				59A9AFD519E7E611006C9C3E /* graph_match.cpp */,
				59A9AFD619E7E611006C9C3E /* graph_match.h */,
			);
			name = Matches;
			path = MeshEditE/Procedural/Matches;
			sourceTree = SOURCE_ROOT;
		};
/* End PBXGroup section */

/* Begin PBXNativeTarget section */
		0D0F5B5C180878B9003557E2 /* MeshEditE */ = {
			isa = PBXNativeTarget;
			buildConfigurationList = 0D0F5B91180878B9003557E2 /* Build configuration list for PBXNativeTarget "MeshEditE" */;
			buildPhases = (
				0D0F5B59180878B9003557E2 /* Sources */,
				0D0F5B5A180878B9003557E2 /* Frameworks */,
				0D0F5B5B180878B9003557E2 /* Resources */,
			);
			buildRules = (
			);
			dependencies = (
			);
			name = MeshEditE;
			productName = MeshEditE;
			productReference = 0D0F5B5D180878B9003557E2 /* MeshEditE.app */;
			productType = "com.apple.product-type.application";
		};
		0D0F5B80180878B9003557E2 /* MeshEditETests */ = {
			isa = PBXNativeTarget;
			buildConfigurationList = 0D0F5B94180878B9003557E2 /* Build configuration list for PBXNativeTarget "MeshEditETests" */;
			buildPhases = (
				0D0F5B7D180878B9003557E2 /* Sources */,
				0D0F5B7E180878B9003557E2 /* Frameworks */,
				0D0F5B7F180878B9003557E2 /* Resources */,
			);
			buildRules = (
			);
			dependencies = (
				0D0F5B86180878B9003557E2 /* PBXTargetDependency */,
			);
			name = MeshEditETests;
			productName = MeshEditETests;
			productReference = 0D0F5B81180878B9003557E2 /* MeshEditETests.xctest */;
			productType = "com.apple.product-type.bundle.unit-test";
		};
/* End PBXNativeTarget section */

/* Begin PBXProject section */
		0D0F5B55180878B9003557E2 /* Project object */ = {
			isa = PBXProject;
			attributes = {
				LastUpgradeCheck = 0500;
				ORGANIZATIONNAME = "J. Andreas Bærentzen";
				TargetAttributes = {
					0D0F5B80180878B9003557E2 = {
						TestTargetID = 0D0F5B5C180878B9003557E2;
					};
				};
			};
			buildConfigurationList = 0D0F5B58180878B9003557E2 /* Build configuration list for PBXProject "MeshEditE" */;
			compatibilityVersion = "Xcode 3.2";
			developmentRegion = English;
			hasScannedForEncodings = 0;
			knownRegions = (
				en,
				Base,
			);
			mainGroup = 0D0F5B54180878B9003557E2;
			productRefGroup = 0D0F5B5E180878B9003557E2 /* Products */;
			projectDirPath = "";
			projectRoot = "";
			targets = (
				0D0F5B5C180878B9003557E2 /* MeshEditE */,
				0D0F5B80180878B9003557E2 /* MeshEditETests */,
			);
		};
/* End PBXProject section */

/* Begin PBXResourcesBuildPhase section */
		0D0F5B5B180878B9003557E2 /* Resources */ = {
			isa = PBXResourcesBuildPhase;
			buildActionMask = 2147483647;
			files = (
				0D5467CD180B87B400DBC8B9 /* Armadillo.iconset in Resources */,
				0D0F5B6B180878B9003557E2 /* InfoPlist.strings in Resources */,
				0D0F5B7C180878B9003557E2 /* Images.xcassets in Resources */,
				59B75D8A197D274600DD6462 /* MainMenu.xib in Resources */,
				0D0F5B71180878B9003557E2 /* Credits.rtf in Resources */,
			);
			runOnlyForDeploymentPostprocessing = 0;
		};
		0D0F5B7F180878B9003557E2 /* Resources */ = {
			isa = PBXResourcesBuildPhase;
			buildActionMask = 2147483647;
			files = (
				0D0F5B8C180878B9003557E2 /* InfoPlist.strings in Resources */,
			);
			runOnlyForDeploymentPostprocessing = 0;
		};
/* End PBXResourcesBuildPhase section */

/* Begin PBXSourcesBuildPhase section */
		0D0F5B59180878B9003557E2 /* Sources */ = {
			isa = PBXSourcesBuildPhase;
			buildActionMask = 2147483647;
			files = (
				0D44677B180B0A7F00B27082 /* BasicOpenGLView.mm in Sources */,
				59A70F1A1AEA352100E36E5C /* Module.cpp in Sources */,
				593C563919951E1F0008EAC4 /* geometric_console_functions.cpp in Sources */,
				59EE76EA1C6B50FB00793589 /* pam_editor.cpp in Sources */,
				59ACAAFF1B04CE0D008D2E17 /* Toolbox.cpp in Sources */,
				59B9B2171B2B9DCD003BE4EB /* collision_detection.cpp in Sources */,
				0D0F5B74180878B9003557E2 /* AppDelegate.m in Sources */,
				590FD2DA19E327E300EE8ACC /* patch_mapping.cpp in Sources */,
				593035C51AB8984D00E89A88 /* StatefulEngine.cpp in Sources */,
				595DC979199281C000532C6A /* basic_shapes.cpp in Sources */,
				591065C71A0683CF00AD02AE /* module_alignment.cpp in Sources */,
				593C563C19951F140008EAC4 /* structural_helpers.cpp in Sources */,
				595DC9821994F5B100532C6A /* structural_operations.cpp in Sources */,
				593C31C619D16E420001026B /* svd_alignment.cpp in Sources */,
				595DC97C1994F2A200532C6A /* Algorithms.cpp in Sources */,
				0D0F5B7A180878B9003557E2 /* MeshEditE.xcdatamodeld in Sources */,
				595DC9851994FA9100532C6A /* geometric_properties.cpp in Sources */,
				59C881901AB0C7AC0061E75C /* test_random_rotation.cpp in Sources */,
				595DC98E1995183400532C6A /* structural_console_functions.cpp in Sources */,
				591065D11A0B852100AD02AE /* manifold_copy.cpp in Sources */,
				0D6FA573187B9D6500B26F84 /* LogMap.cpp in Sources */,
				59A70F201AEA3C1E00E36E5C /* MainStructure.cpp in Sources */,
				59A9AFD719E7E611006C9C3E /* graph_match.cpp in Sources */,
				0D0F5B6D180878B9003557E2 /* main.m in Sources */,
				595DC97519927F1300532C6A /* PM_basic_console_functions.cpp in Sources */,
				5979AF6319825D92003E3697 /* Test.cpp in Sources */,
				592E9FB81C6DF9D0001FA54C /* pam_editor_console_funcs.cpp in Sources */,
				0D5467D0180B87D900DBC8B9 /* polarize.cpp in Sources */,
				0D6FA577187C677000B26F84 /* HMeshParallelKit.cpp in Sources */,
				0DD1DD1A18A29BC600D0069B /* heat_kernel_laplacian.cpp in Sources */,
				597D8D6D198FB90600CF1C64 /* additional_console_funcs.cpp in Sources */,
				595DC9881995131700532C6A /* geometric_operations.cpp in Sources */,
				59C171D91AD57FC800DB6A0A /* engine_console_funcs.cpp in Sources */,
			);
			runOnlyForDeploymentPostprocessing = 0;
		};
		0D0F5B7D180878B9003557E2 /* Sources */ = {
			isa = PBXSourcesBuildPhase;
			buildActionMask = 2147483647;
			files = (
				0D0F5B8E180878B9003557E2 /* MeshEditETests.m in Sources */,
			);
			runOnlyForDeploymentPostprocessing = 0;
		};
/* End PBXSourcesBuildPhase section */

/* Begin PBXTargetDependency section */
		0D0F5B86180878B9003557E2 /* PBXTargetDependency */ = {
			isa = PBXTargetDependency;
			target = 0D0F5B5C180878B9003557E2 /* MeshEditE */;
			targetProxy = 0D0F5B85180878B9003557E2 /* PBXContainerItemProxy */;
		};
/* End PBXTargetDependency section */

/* Begin PBXVariantGroup section */
		0D0F5B69180878B9003557E2 /* InfoPlist.strings */ = {
			isa = PBXVariantGroup;
			children = (
				0D0F5B6A180878B9003557E2 /* en */,
			);
			name = InfoPlist.strings;
			sourceTree = "<group>";
		};
		0D0F5B6F180878B9003557E2 /* Credits.rtf */ = {
			isa = PBXVariantGroup;
			children = (
				0D0F5B70180878B9003557E2 /* en */,
			);
			name = Credits.rtf;
			sourceTree = "<group>";
		};
		0D0F5B8A180878B9003557E2 /* InfoPlist.strings */ = {
			isa = PBXVariantGroup;
			children = (
				0D0F5B8B180878B9003557E2 /* en */,
			);
			name = InfoPlist.strings;
			sourceTree = "<group>";
		};
		0D5467C9180B805100DBC8B9 /* MainMenu.xib */ = {
			isa = PBXVariantGroup;
			children = (
				0D5467CA180B805100DBC8B9 /* Base */,
			);
			name = MainMenu.xib;
			sourceTree = "<group>";
		};
/* End PBXVariantGroup section */

/* Begin XCBuildConfiguration section */
		0D0F5B8F180878B9003557E2 /* Debug */ = {
			isa = XCBuildConfiguration;
			buildSettings = {
				ALWAYS_SEARCH_USER_PATHS = NO;
				CLANG_CXX_LANGUAGE_STANDARD = "gnu++0x";
				CLANG_CXX_LIBRARY = "libc++";
				CLANG_ENABLE_OBJC_ARC = YES;
				CLANG_WARN_BOOL_CONVERSION = YES;
				CLANG_WARN_CONSTANT_CONVERSION = YES;
				CLANG_WARN_DIRECT_OBJC_ISA_USAGE = YES_ERROR;
				CLANG_WARN_EMPTY_BODY = YES;
				CLANG_WARN_ENUM_CONVERSION = YES;
				CLANG_WARN_INT_CONVERSION = YES;
				CLANG_WARN_OBJC_ROOT_CLASS = YES_ERROR;
				CLANG_WARN__DUPLICATE_METHOD_MATCH = YES;
				COPY_PHASE_STRIP = NO;
				FRAMEWORK_SEARCH_PATHS = /Users/jab/Library/Frameworks;
				GCC_C_LANGUAGE_STANDARD = gnu99;
				GCC_DYNAMIC_NO_PIC = NO;
				GCC_ENABLE_OBJC_EXCEPTIONS = YES;
				GCC_OPTIMIZATION_LEVEL = 0;
				GCC_PREPROCESSOR_DEFINITIONS = (
					"DEBUG=1",
					"$(inherited)",
				);
				GCC_SYMBOLS_PRIVATE_EXTERN = NO;
				GCC_WARN_64_TO_32_BIT_CONVERSION = YES;
				GCC_WARN_ABOUT_RETURN_TYPE = YES_ERROR;
				GCC_WARN_UNDECLARED_SELECTOR = YES;
				GCC_WARN_UNINITIALIZED_AUTOS = YES;
				GCC_WARN_UNUSED_FUNCTION = YES;
				GCC_WARN_UNUSED_VARIABLE = YES;
				MACOSX_DEPLOYMENT_TARGET = 10.8;
				ONLY_ACTIVE_ARCH = YES;
				SDKROOT = macosx;
			};
			name = Debug;
		};
		0D0F5B90180878B9003557E2 /* Release */ = {
			isa = XCBuildConfiguration;
			buildSettings = {
				ALWAYS_SEARCH_USER_PATHS = NO;
				CLANG_CXX_LANGUAGE_STANDARD = "gnu++0x";
				CLANG_CXX_LIBRARY = "libc++";
				CLANG_ENABLE_OBJC_ARC = YES;
				CLANG_WARN_BOOL_CONVERSION = YES;
				CLANG_WARN_CONSTANT_CONVERSION = YES;
				CLANG_WARN_DIRECT_OBJC_ISA_USAGE = YES_ERROR;
				CLANG_WARN_EMPTY_BODY = YES;
				CLANG_WARN_ENUM_CONVERSION = YES;
				CLANG_WARN_INT_CONVERSION = YES;
				CLANG_WARN_OBJC_ROOT_CLASS = YES_ERROR;
				CLANG_WARN__DUPLICATE_METHOD_MATCH = YES;
				COPY_PHASE_STRIP = YES;
				DEBUG_INFORMATION_FORMAT = "dwarf-with-dsym";
				ENABLE_NS_ASSERTIONS = NO;
				FRAMEWORK_SEARCH_PATHS = /Users/jab/Library/Frameworks;
				GCC_C_LANGUAGE_STANDARD = gnu99;
				GCC_ENABLE_OBJC_EXCEPTIONS = YES;
				GCC_WARN_64_TO_32_BIT_CONVERSION = YES;
				GCC_WARN_ABOUT_RETURN_TYPE = YES_ERROR;
				GCC_WARN_UNDECLARED_SELECTOR = YES;
				GCC_WARN_UNINITIALIZED_AUTOS = YES;
				GCC_WARN_UNUSED_FUNCTION = YES;
				GCC_WARN_UNUSED_VARIABLE = YES;
				MACOSX_DEPLOYMENT_TARGET = 10.8;
				SDKROOT = macosx;
			};
			name = Release;
		};
		0D0F5B92180878B9003557E2 /* Debug */ = {
			isa = XCBuildConfiguration;
			buildSettings = {
				ALWAYS_SEARCH_USER_PATHS = YES;
				ASSETCATALOG_COMPILER_APPICON_NAME = AppIcon;
				COMBINE_HIDPI_IMAGES = YES;
				FRAMEWORK_SEARCH_PATHS = (
					"$(inherited)",
					"$(USER_LIBRARY_DIR)/Frameworks",
					/Library/Frameworks/,
					"$(LOCAL_LIBRARY_DIR)/Frameworks",
				);
				GCC_PRECOMPILE_PREFIX_HEADER = YES;
				GCC_PREFIX_HEADER = "MeshEditE/MeshEditE-Prefix.pch";
				HEADER_SEARCH_PATHS = (
					"<Multiple",
					"values>",
					/Users/francescousai/Documents/Sviluppo/Libs/eigen/,
					/Users/francescousai/Documents/Sviluppo/Libs/rapidjson/include/,
					"/Users/francescousai/Documents/Sviluppo/Libs/cgal-releases-CGAL-4.7/BUILD109/include",
					/Users/francescousai/Documents/Sviluppo/Libs/boost_1_59_0/BUILD109/include,
				);
				INFOPLIST_FILE = "MeshEditE/MeshEditE-Info.plist";
				LIBRARY_SEARCH_PATHS = (
					"/Users/francescousai/Documents/Sviluppo/Libs/cgal-releases-CGAL-4.7/BUILD109/lib",
					/Users/francescousai/Documents/Sviluppo/Libs/boost_1_59_0/BUILD109/lib,
				);
				OTHER_CPLUSPLUSFLAGS = "-I.";
				OTHER_LDFLAGS = "";
				PRODUCT_NAME = "$(TARGET_NAME)";
				USER_HEADER_SEARCH_PATHS = /Users/francescousai/Documents/Sviluppo/Libs/eigen;
				WRAPPER_EXTENSION = app;
			};
			name = Debug;
		};
		0D0F5B93180878B9003557E2 /* Release */ = {
			isa = XCBuildConfiguration;
			buildSettings = {
				ALWAYS_SEARCH_USER_PATHS = YES;
				ASSETCATALOG_COMPILER_APPICON_NAME = AppIcon;
				COMBINE_HIDPI_IMAGES = YES;
				FRAMEWORK_SEARCH_PATHS = (
					"$(inherited)",
					"$(USER_LIBRARY_DIR)/Frameworks",
					/Library/Frameworks/,
					"$(LOCAL_LIBRARY_DIR)/Frameworks",
				);
				GCC_PRECOMPILE_PREFIX_HEADER = YES;
				GCC_PREFIX_HEADER = "MeshEditE/MeshEditE-Prefix.pch";
				HEADER_SEARCH_PATHS = (
					"<Multiple",
					"values>",
					/Users/francescousai/Documents/Sviluppo/Libs/eigen/,
					/Users/francescousai/Documents/Sviluppo/Libs/rapidjson/include/,
					"/Users/francescousai/Documents/Sviluppo/Libs/cgal-releases-CGAL-4.7/BUILD109/include",
					/Users/francescousai/Documents/Sviluppo/Libs/boost_1_59_0/BUILD109/include,
				);
				INFOPLIST_FILE = "MeshEditE/MeshEditE-Info.plist";
				LIBRARY_SEARCH_PATHS = (
					"/Users/francescousai/Documents/Sviluppo/Libs/cgal-releases-CGAL-4.7/BUILD109/lib",
					/Users/francescousai/Documents/Sviluppo/Libs/boost_1_59_0/BUILD109/lib,
				);
				ONLY_ACTIVE_ARCH = YES;
				OTHER_CPLUSPLUSFLAGS = "-I.";
				OTHER_LDFLAGS = "";
				PRODUCT_NAME = "$(TARGET_NAME)";
				USER_HEADER_SEARCH_PATHS = /Users/francescousai/Documents/Sviluppo/Libs/eigen;
				WRAPPER_EXTENSION = app;
			};
			name = Release;
		};
		0D0F5B95180878B9003557E2 /* Debug */ = {
			isa = XCBuildConfiguration;
			buildSettings = {
				BUNDLE_LOADER = "$(BUILT_PRODUCTS_DIR)/MeshEditE.app/Contents/MacOS/MeshEditE";
				COMBINE_HIDPI_IMAGES = YES;
				FRAMEWORK_SEARCH_PATHS = (
					"$(DEVELOPER_FRAMEWORKS_DIR)",
					"$(inherited)",
				);
				GCC_PRECOMPILE_PREFIX_HEADER = YES;
				GCC_PREFIX_HEADER = "MeshEditE/MeshEditE-Prefix.pch";
				GCC_PREPROCESSOR_DEFINITIONS = (
					"DEBUG=1",
					"$(inherited)",
				);
				INFOPLIST_FILE = "MeshEditETests/MeshEditETests-Info.plist";
				PRODUCT_NAME = "$(TARGET_NAME)";
				TEST_HOST = "$(BUNDLE_LOADER)";
				WRAPPER_EXTENSION = xctest;
			};
			name = Debug;
		};
		0D0F5B96180878B9003557E2 /* Release */ = {
			isa = XCBuildConfiguration;
			buildSettings = {
				BUNDLE_LOADER = "$(BUILT_PRODUCTS_DIR)/MeshEditE.app/Contents/MacOS/MeshEditE";
				COMBINE_HIDPI_IMAGES = YES;
				FRAMEWORK_SEARCH_PATHS = (
					"$(DEVELOPER_FRAMEWORKS_DIR)",
					"$(inherited)",
				);
				GCC_PRECOMPILE_PREFIX_HEADER = YES;
				GCC_PREFIX_HEADER = "MeshEditE/MeshEditE-Prefix.pch";
				INFOPLIST_FILE = "MeshEditETests/MeshEditETests-Info.plist";
				PRODUCT_NAME = "$(TARGET_NAME)";
				TEST_HOST = "$(BUNDLE_LOADER)";
				WRAPPER_EXTENSION = xctest;
			};
			name = Release;
		};
/* End XCBuildConfiguration section */

/* Begin XCConfigurationList section */
		0D0F5B58180878B9003557E2 /* Build configuration list for PBXProject "MeshEditE" */ = {
			isa = XCConfigurationList;
			buildConfigurations = (
				0D0F5B8F180878B9003557E2 /* Debug */,
				0D0F5B90180878B9003557E2 /* Release */,
			);
			defaultConfigurationIsVisible = 0;
			defaultConfigurationName = Release;
		};
		0D0F5B91180878B9003557E2 /* Build configuration list for PBXNativeTarget "MeshEditE" */ = {
			isa = XCConfigurationList;
			buildConfigurations = (
				0D0F5B92180878B9003557E2 /* Debug */,
				0D0F5B93180878B9003557E2 /* Release */,
			);
			defaultConfigurationIsVisible = 0;
			defaultConfigurationName = Release;
		};
		0D0F5B94180878B9003557E2 /* Build configuration list for PBXNativeTarget "MeshEditETests" */ = {
			isa = XCConfigurationList;
			buildConfigurations = (
				0D0F5B95180878B9003557E2 /* Debug */,
				0D0F5B96180878B9003557E2 /* Release */,
			);
			defaultConfigurationIsVisible = 0;
			defaultConfigurationName = Release;
		};
/* End XCConfigurationList section */

/* Begin XCVersionGroup section */
		0D0F5B78180878B9003557E2 /* MeshEditE.xcdatamodeld */ = {
			isa = XCVersionGroup;
			children = (
				0D0F5B79180878B9003557E2 /* MeshEditE.xcdatamodel */,
			);
			currentVersion = 0D0F5B79180878B9003557E2 /* MeshEditE.xcdatamodel */;
			path = MeshEditE.xcdatamodeld;
			sourceTree = "<group>";
			versionGroupType = wrapper.xcdatamodel;
		};
/* End XCVersionGroup section */
	};
	rootObject = 0D0F5B55180878B9003557E2 /* Project object */;
}
